
Microsoft Visual Studio Solution File, Format Version 12.00
# Visual Studio Version 17
VisualStudioVersion = 17.0.31903.59
MinimumVisualStudioVersion = 10.0.40219.1
Project("{2150E333-8FDC-42A3-9474-1A3956D46DE8}") = "src", "src", "{894B36CF-9551-4913-9460-995F2A5F1859}"
EndProject
Project("{2150E333-8FDC-42A3-9474-1A3956D46DE8}") = "api", "api", "{6F9747AA-DE8B-43B4-B77F-4DDD959BB94C}"
EndProject
Project("{9A19103F-16F7-4668-BE54-9A1E7A4F7556}") = "Nhs.Appointments.Api", "src\api\Nhs.Appointments.Api\Nhs.Appointments.Api.csproj", "{B54B3001-6A89-43FD-9146-70D3EFFE0F5A}"
EndProject
Project("{9A19103F-16F7-4668-BE54-9A1E7A4F7556}") = "Nhs.Appointments.Core", "src\api\Nhs.Appointments.Core\Nhs.Appointments.Core.csproj", "{CFEAB403-3E1E-4CBE-B13D-5554029E6C18}"
EndProject
Project("{9A19103F-16F7-4668-BE54-9A1E7A4F7556}") = "Nhs.Appointments.Persistance", "src\api\Nhs.Appointments.Persistance\Nhs.Appointments.Persistance.csproj", "{68575B3B-E68D-40AB-850F-52694C83BDD9}"
EndProject
Project("{2150E333-8FDC-42A3-9474-1A3956D46DE8}") = "tests", "tests", "{C4AAF10B-178C-42F1-B081-22E8D5324355}"
EndProject
Project("{9A19103F-16F7-4668-BE54-9A1E7A4F7556}") = "Nhs.Appointments.Api.UnitTests", "tests\Nhs.Appointments.Api.UnitTests\Nhs.Appointments.Api.UnitTests.csproj", "{1F4B6550-CA50-47EF-9F28-E9E48680E85E}"
EndProject
Project("{9A19103F-16F7-4668-BE54-9A1E7A4F7556}") = "Nhs.Appointments.Core.UnitTests", "tests\Nhs.Appointments.Core.UnitTests\Nhs.Appointments.Core.UnitTests.csproj", "{7719F088-61B9-458D-AEE5-6385DE4E91CA}"
EndProject
Project("{9A19103F-16F7-4668-BE54-9A1E7A4F7556}") = "Nhs.Appointments.Persistance.UnitTests", "tests\Nhs.Appointments.Persistance.UnitTests\Nhs.Appointments.Persistance.UnitTests.csproj", "{CBA2FC86-E052-4C1B-A8DD-BB8C07962178}"
EndProject
Project("{9A19103F-16F7-4668-BE54-9A1E7A4F7556}") = "Nhs.Appointments.ApiClient", "src\api\Nhs.Appointments.ApiClient\Nhs.Appointments.ApiClient.csproj", "{5248046F-8009-4A04-8FFC-B848E704A3A3}"
EndProject
Project("{9A19103F-16F7-4668-BE54-9A1E7A4F7556}") = "Nhs.Appointments.Api.Client.UnitTests", "tests\Nhs.Appointments.Api.Client.UnitTests\Nhs.Appointments.Api.Client.UnitTests.csproj", "{F9E0C737-EC44-48D8-B656-EBCC8F09C033}"
EndProject
Project("{9A19103F-16F7-4668-BE54-9A1E7A4F7556}") = "Nhs.Appointments.Api.Client.Integration", "tests\Nhs.Appointments.Api.Client.Integration\Nhs.Appointments.Api.Client.Integration.csproj", "{DFA538A6-9D01-417F-A0B3-D91102B9FA22}"
EndProject
Project("{2150E333-8FDC-42A3-9474-1A3956D46DE8}") = "local-tools", "local-tools", "{22B97405-2671-42B1-BE08-E1D0E18A2F1F}"
EndProject
Project("{9A19103F-16F7-4668-BE54-9A1E7A4F7556}") = "CosmosDbSeeder", "mock-data\CosmosDbSeeder\CosmosDbSeeder.csproj", "{30AD8A58-DF6F-4D6D-9211-CF32618D0E35}"
EndProject
Project("{FAE04EC0-301F-11D3-BF4B-00C04F79EFBC}") = "Nhs.Appointments.Api.Integration", "tests\Nhs.Appointments.Api.Integration\Nhs.Appointments.Api.Integration.csproj", "{28AD5B3C-80AF-4578-8F6F-CD4734102392}"
EndProject
Global
	GlobalSection(SolutionConfigurationPlatforms) = preSolution
		Debug|Any CPU = Debug|Any CPU
		Release|Any CPU = Release|Any CPU
	EndGlobalSection
	GlobalSection(ProjectConfigurationPlatforms) = postSolution
		{B54B3001-6A89-43FD-9146-70D3EFFE0F5A}.Debug|Any CPU.ActiveCfg = Debug|Any CPU
		{B54B3001-6A89-43FD-9146-70D3EFFE0F5A}.Debug|Any CPU.Build.0 = Debug|Any CPU
		{B54B3001-6A89-43FD-9146-70D3EFFE0F5A}.Release|Any CPU.ActiveCfg = Release|Any CPU
		{B54B3001-6A89-43FD-9146-70D3EFFE0F5A}.Release|Any CPU.Build.0 = Release|Any CPU
		{CFEAB403-3E1E-4CBE-B13D-5554029E6C18}.Debug|Any CPU.ActiveCfg = Debug|Any CPU
		{CFEAB403-3E1E-4CBE-B13D-5554029E6C18}.Debug|Any CPU.Build.0 = Debug|Any CPU
		{CFEAB403-3E1E-4CBE-B13D-5554029E6C18}.Release|Any CPU.ActiveCfg = Release|Any CPU
		{CFEAB403-3E1E-4CBE-B13D-5554029E6C18}.Release|Any CPU.Build.0 = Release|Any CPU
		{68575B3B-E68D-40AB-850F-52694C83BDD9}.Debug|Any CPU.ActiveCfg = Debug|Any CPU
		{68575B3B-E68D-40AB-850F-52694C83BDD9}.Debug|Any CPU.Build.0 = Debug|Any CPU
		{68575B3B-E68D-40AB-850F-52694C83BDD9}.Release|Any CPU.ActiveCfg = Release|Any CPU
		{68575B3B-E68D-40AB-850F-52694C83BDD9}.Release|Any CPU.Build.0 = Release|Any CPU
		{1F4B6550-CA50-47EF-9F28-E9E48680E85E}.Debug|Any CPU.ActiveCfg = Debug|Any CPU
		{1F4B6550-CA50-47EF-9F28-E9E48680E85E}.Debug|Any CPU.Build.0 = Debug|Any CPU
		{1F4B6550-CA50-47EF-9F28-E9E48680E85E}.Release|Any CPU.ActiveCfg = Release|Any CPU
		{1F4B6550-CA50-47EF-9F28-E9E48680E85E}.Release|Any CPU.Build.0 = Release|Any CPU
		{7719F088-61B9-458D-AEE5-6385DE4E91CA}.Debug|Any CPU.ActiveCfg = Debug|Any CPU
		{7719F088-61B9-458D-AEE5-6385DE4E91CA}.Debug|Any CPU.Build.0 = Debug|Any CPU
		{7719F088-61B9-458D-AEE5-6385DE4E91CA}.Release|Any CPU.ActiveCfg = Release|Any CPU
		{7719F088-61B9-458D-AEE5-6385DE4E91CA}.Release|Any CPU.Build.0 = Release|Any CPU
		{CBA2FC86-E052-4C1B-A8DD-BB8C07962178}.Debug|Any CPU.ActiveCfg = Debug|Any CPU
		{CBA2FC86-E052-4C1B-A8DD-BB8C07962178}.Debug|Any CPU.Build.0 = Debug|Any CPU
		{CBA2FC86-E052-4C1B-A8DD-BB8C07962178}.Release|Any CPU.ActiveCfg = Release|Any CPU
		{CBA2FC86-E052-4C1B-A8DD-BB8C07962178}.Release|Any CPU.Build.0 = Release|Any CPU
		{5248046F-8009-4A04-8FFC-B848E704A3A3}.Debug|Any CPU.ActiveCfg = Debug|Any CPU
		{5248046F-8009-4A04-8FFC-B848E704A3A3}.Debug|Any CPU.Build.0 = Debug|Any CPU
		{5248046F-8009-4A04-8FFC-B848E704A3A3}.Release|Any CPU.ActiveCfg = Release|Any CPU
		{5248046F-8009-4A04-8FFC-B848E704A3A3}.Release|Any CPU.Build.0 = Release|Any CPU
		{F9E0C737-EC44-48D8-B656-EBCC8F09C033}.Debug|Any CPU.ActiveCfg = Debug|Any CPU
		{F9E0C737-EC44-48D8-B656-EBCC8F09C033}.Debug|Any CPU.Build.0 = Debug|Any CPU
		{F9E0C737-EC44-48D8-B656-EBCC8F09C033}.Release|Any CPU.ActiveCfg = Release|Any CPU
		{F9E0C737-EC44-48D8-B656-EBCC8F09C033}.Release|Any CPU.Build.0 = Release|Any CPU
		{DFA538A6-9D01-417F-A0B3-D91102B9FA22}.Debug|Any CPU.ActiveCfg = Debug|Any CPU
		{DFA538A6-9D01-417F-A0B3-D91102B9FA22}.Debug|Any CPU.Build.0 = Debug|Any CPU
		{DFA538A6-9D01-417F-A0B3-D91102B9FA22}.Release|Any CPU.ActiveCfg = Release|Any CPU
		{DFA538A6-9D01-417F-A0B3-D91102B9FA22}.Release|Any CPU.Build.0 = Release|Any CPU
		{30AD8A58-DF6F-4D6D-9211-CF32618D0E35}.Debug|Any CPU.ActiveCfg = Debug|Any CPU
		{30AD8A58-DF6F-4D6D-9211-CF32618D0E35}.Debug|Any CPU.Build.0 = Debug|Any CPU
		{30AD8A58-DF6F-4D6D-9211-CF32618D0E35}.Release|Any CPU.ActiveCfg = Release|Any CPU
		{30AD8A58-DF6F-4D6D-9211-CF32618D0E35}.Release|Any CPU.Build.0 = Release|Any CPU
		{28AD5B3C-80AF-4578-8F6F-CD4734102392}.Debug|Any CPU.ActiveCfg = Debug|Any CPU
		{28AD5B3C-80AF-4578-8F6F-CD4734102392}.Debug|Any CPU.Build.0 = Debug|Any CPU
		{28AD5B3C-80AF-4578-8F6F-CD4734102392}.Release|Any CPU.ActiveCfg = Release|Any CPU
		{28AD5B3C-80AF-4578-8F6F-CD4734102392}.Release|Any CPU.Build.0 = Release|Any CPU
	EndGlobalSection
	GlobalSection(SolutionProperties) = preSolution
		HideSolutionNode = FALSE
	EndGlobalSection
	GlobalSection(NestedProjects) = preSolution
		{6F9747AA-DE8B-43B4-B77F-4DDD959BB94C} = {894B36CF-9551-4913-9460-995F2A5F1859}
		{B54B3001-6A89-43FD-9146-70D3EFFE0F5A} = {6F9747AA-DE8B-43B4-B77F-4DDD959BB94C}
		{CFEAB403-3E1E-4CBE-B13D-5554029E6C18} = {6F9747AA-DE8B-43B4-B77F-4DDD959BB94C}
		{68575B3B-E68D-40AB-850F-52694C83BDD9} = {6F9747AA-DE8B-43B4-B77F-4DDD959BB94C}
		{1F4B6550-CA50-47EF-9F28-E9E48680E85E} = {C4AAF10B-178C-42F1-B081-22E8D5324355}
		{7719F088-61B9-458D-AEE5-6385DE4E91CA} = {C4AAF10B-178C-42F1-B081-22E8D5324355}
		{CBA2FC86-E052-4C1B-A8DD-BB8C07962178} = {C4AAF10B-178C-42F1-B081-22E8D5324355}
		{5248046F-8009-4A04-8FFC-B848E704A3A3} = {6F9747AA-DE8B-43B4-B77F-4DDD959BB94C}
		{F9E0C737-EC44-48D8-B656-EBCC8F09C033} = {C4AAF10B-178C-42F1-B081-22E8D5324355}
		{DFA538A6-9D01-417F-A0B3-D91102B9FA22} = {C4AAF10B-178C-42F1-B081-22E8D5324355}
		{30AD8A58-DF6F-4D6D-9211-CF32618D0E35} = {22B97405-2671-42B1-BE08-E1D0E18A2F1F}
		{28AD5B3C-80AF-4578-8F6F-CD4734102392} = {C4AAF10B-178C-42F1-B081-22E8D5324355}
	EndGlobalSection
	GlobalSection(ExtensibilityGlobals) = postSolution
		SolutionGuid = {F16CD335-B2DF-4C77-9801-5DB5B9AAFADA}
	EndGlobalSection
EndGlobal
