
Microsoft Visual Studio Solution File, Format Version 12.00
# Visual Studio Version 17
VisualStudioVersion = 17.0.31903.59
MinimumVisualStudioVersion = 10.0.40219.1
Project("{2150E333-8FDC-42A3-9474-1A3956D46DE8}") = "src", "src", "{894B36CF-9551-4913-9460-995F2A5F1859}"
EndProject
Project("{2150E333-8FDC-42A3-9474-1A3956D46DE8}") = "api", "api", "{6F9747AA-DE8B-43B4-B77F-4DDD959BB94C}"
EndProject
Project("{9A19103F-16F7-4668-BE54-9A1E7A4F7556}") = "Nhs.Appointments.Api", "src\api\Nhs.Appointments.Api\Nhs.Appointments.Api.csproj", "{B54B3001-6A89-43FD-9146-70D3EFFE0F5A}"
EndProject
Project("{9A19103F-16F7-4668-BE54-9A1E7A4F7556}") = "Nhs.Appointments.Core", "src\api\Nhs.Appointments.Core\Nhs.Appointments.Core.csproj", "{CFEAB403-3E1E-4CBE-B13D-5554029E6C18}"
EndProject
Project("{9A19103F-16F7-4668-BE54-9A1E7A4F7556}") = "Nhs.Appointments.Audit", "src\api\Nhs.Appointments.Audit\Nhs.Appointments.Audit.csproj", "{D18A700C-909A-4E13-B611-E952F4806F51}"
EndProject
Project("{9A19103F-16F7-4668-BE54-9A1E7A4F7556}") = "Nhs.Appointments.Persistance", "src\api\Nhs.Appointments.Persistance\Nhs.Appointments.Persistance.csproj", "{68575B3B-E68D-40AB-850F-52694C83BDD9}"
EndProject
Project("{2150E333-8FDC-42A3-9474-1A3956D46DE8}") = "tests", "tests", "{C4AAF10B-178C-42F1-B081-22E8D5324355}"
EndProject
Project("{9A19103F-16F7-4668-BE54-9A1E7A4F7556}") = "Nhs.Appointments.Api.UnitTests", "tests\Nhs.Appointments.Api.UnitTests\Nhs.Appointments.Api.UnitTests.csproj", "{1F4B6550-CA50-47EF-9F28-E9E48680E85E}"
EndProject
Project("{9A19103F-16F7-4668-BE54-9A1E7A4F7556}") = "Nhs.Appointments.Core.UnitTests", "tests\Nhs.Appointments.Core.UnitTests\Nhs.Appointments.Core.UnitTests.csproj", "{7719F088-61B9-458D-AEE5-6385DE4E91CA}"
EndProject
Project("{9A19103F-16F7-4668-BE54-9A1E7A4F7556}") = "Nhs.Appointments.Persistance.UnitTests", "tests\Nhs.Appointments.Persistance.UnitTests\Nhs.Appointments.Persistance.UnitTests.csproj", "{CBA2FC86-E052-4C1B-A8DD-BB8C07962178}"
EndProject
Project("{9A19103F-16F7-4668-BE54-9A1E7A4F7556}") = "Nhs.Appointments.ApiClient", "src\api\Nhs.Appointments.ApiClient\Nhs.Appointments.ApiClient.csproj", "{5248046F-8009-4A04-8FFC-B848E704A3A3}"
EndProject
Project("{9A19103F-16F7-4668-BE54-9A1E7A4F7556}") = "Nhs.Appointments.Api.Client.UnitTests", "tests\Nhs.Appointments.Api.Client.UnitTests\Nhs.Appointments.Api.Client.UnitTests.csproj", "{F9E0C737-EC44-48D8-B656-EBCC8F09C033}"
EndProject
Project("{9A19103F-16F7-4668-BE54-9A1E7A4F7556}") = "Nhs.Appointments.Api.Client.Integration", "tests\Nhs.Appointments.Api.Client.Integration\Nhs.Appointments.Api.Client.Integration.csproj", "{DFA538A6-9D01-417F-A0B3-D91102B9FA22}"
EndProject
Project("{2150E333-8FDC-42A3-9474-1A3956D46DE8}") = "local-tools", "local-tools", "{22B97405-2671-42B1-BE08-E1D0E18A2F1F}"
EndProject
Project("{9A19103F-16F7-4668-BE54-9A1E7A4F7556}") = "Nhs.Appointments.Api.Integration", "tests\Nhs.Appointments.Api.Integration\Nhs.Appointments.Api.Integration.csproj", "{6595832E-26F8-4463-A738-1874F4F2DAD9}"
EndProject
Project("{9A19103F-16F7-4668-BE54-9A1E7A4F7556}") = "CosmosDbSeeder", "data\CosmosDbSeeder\CosmosDbSeeder.csproj", "{41309612-F5A4-41CF-9391-008EFAD96E80}"
EndProject
Project("{9A19103F-16F7-4668-BE54-9A1E7A4F7556}") = "CsvDataTool", "data\CsvDataTool\CsvDataTool.csproj", "{00BF2F24-0FB3-420B-BE1C-830919F6EA3E}"
EndProject
Project("{9A19103F-16F7-4668-BE54-9A1E7A4F7556}") = "CsvDataTool.UnitTests", "tests\CsvDataTool.UnitTests\CsvDataTool.UnitTests.csproj", "{B997F51F-1CDC-48FC-BC1C-C9B1706BD441}"
EndProject
Project("{2150E333-8FDC-42A3-9474-1A3956D46DE8}") = "Solution Items", "Solution Items", "{259A0E76-88E3-422E-B43D-CA0E9DE6E48B}"
	ProjectSection(SolutionItems) = preProject
		.editorconfig = .editorconfig
	EndProjectSection
EndProject
Project("{9A19103F-16F7-4668-BE54-9A1E7A4F7556}") = "BookingsDataExtracts", "data\BookingsDataExtracts\BookingsDataExtracts.csproj", "{33865BC0-9548-42B5-86E1-D3FD9B25C700}"
EndProject
Project("{2150E333-8FDC-42A3-9474-1A3956D46DE8}") = "libraries", "libraries", "{0AC295FA-EAA0-473D-8A38-0C5CAB7612E4}"
EndProject
Project("{9A19103F-16F7-4668-BE54-9A1E7A4F7556}") = "Nbs.MeshClient", "src\libraries\Nbs.MeshClient\Nbs.MeshClient.csproj", "{E21E9360-94E9-4DBF-8345-3C09D2D459B7}"
EndProject
Project("{9A19103F-16F7-4668-BE54-9A1E7A4F7556}") = "BookingDataExtracts.Integration", "tests\BookingDataExtractTests\BookingDataExtracts.Integration.csproj", "{9B6DA00D-547C-48FE-812E-810668E8E2C3}"
EndProject
Project("{9A19103F-16F7-4668-BE54-9A1E7A4F7556}") = "BookingDataExtracts.UnitTests", "tests\BookingDataExtracts.UnitTests\BookingDataExtracts.UnitTests.csproj", "{DE87F2BA-8739-4C5A-AB0F-518C6A38FBAF}"
EndProject
Project("{9A19103F-16F7-4668-BE54-9A1E7A4F7556}") = "MeshUtil", "data\MeshUtil\MeshUtil.csproj", "{0B507BA3-7D65-4252-9DB4-D097F231B8BC}"
EndProject
Project("{9A19103F-16F7-4668-BE54-9A1E7A4F7556}") = "CapacityDataExtracts", "CapacityDataExtract\CapacityDataExtracts.csproj", "{5796C514-9137-4BBE-A5A2-837E4BD34243}"
EndProject
Project("{9A19103F-16F7-4668-BE54-9A1E7A4F7556}") = "DataExtract", "DataExtract\DataExtract.csproj", "{483DC06D-40C7-4588-A70E-25A7FBF2CC91}"
EndProject
Global
	GlobalSection(SolutionConfigurationPlatforms) = preSolution
		Debug|Any CPU = Debug|Any CPU
		Release|Any CPU = Release|Any CPU
	EndGlobalSection
	GlobalSection(ProjectConfigurationPlatforms) = postSolution
		{B54B3001-6A89-43FD-9146-70D3EFFE0F5A}.Debug|Any CPU.ActiveCfg = Debug|Any CPU
		{B54B3001-6A89-43FD-9146-70D3EFFE0F5A}.Debug|Any CPU.Build.0 = Debug|Any CPU
		{B54B3001-6A89-43FD-9146-70D3EFFE0F5A}.Release|Any CPU.ActiveCfg = Release|Any CPU
		{B54B3001-6A89-43FD-9146-70D3EFFE0F5A}.Release|Any CPU.Build.0 = Release|Any CPU
		{CFEAB403-3E1E-4CBE-B13D-5554029E6C18}.Debug|Any CPU.ActiveCfg = Debug|Any CPU
		{CFEAB403-3E1E-4CBE-B13D-5554029E6C18}.Debug|Any CPU.Build.0 = Debug|Any CPU
		{CFEAB403-3E1E-4CBE-B13D-5554029E6C18}.Release|Any CPU.ActiveCfg = Release|Any CPU
		{CFEAB403-3E1E-4CBE-B13D-5554029E6C18}.Release|Any CPU.Build.0 = Release|Any CPU
		{D18A700C-909A-4E13-B611-E952F4806F51}.Debug|Any CPU.ActiveCfg = Debug|Any CPU
		{D18A700C-909A-4E13-B611-E952F4806F51}.Debug|Any CPU.Build.0 = Debug|Any CPU
		{D18A700C-909A-4E13-B611-E952F4806F51}.Release|Any CPU.ActiveCfg = Release|Any CPU
		{D18A700C-909A-4E13-B611-E952F4806F51}.Release|Any CPU.Build.0 = Release|Any CPU
		{68575B3B-E68D-40AB-850F-52694C83BDD9}.Debug|Any CPU.ActiveCfg = Debug|Any CPU
		{68575B3B-E68D-40AB-850F-52694C83BDD9}.Debug|Any CPU.Build.0 = Debug|Any CPU
		{68575B3B-E68D-40AB-850F-52694C83BDD9}.Release|Any CPU.ActiveCfg = Release|Any CPU
		{68575B3B-E68D-40AB-850F-52694C83BDD9}.Release|Any CPU.Build.0 = Release|Any CPU
		{1F4B6550-CA50-47EF-9F28-E9E48680E85E}.Debug|Any CPU.ActiveCfg = Debug|Any CPU
		{1F4B6550-CA50-47EF-9F28-E9E48680E85E}.Debug|Any CPU.Build.0 = Debug|Any CPU
		{1F4B6550-CA50-47EF-9F28-E9E48680E85E}.Release|Any CPU.ActiveCfg = Release|Any CPU
		{1F4B6550-CA50-47EF-9F28-E9E48680E85E}.Release|Any CPU.Build.0 = Release|Any CPU
		{7719F088-61B9-458D-AEE5-6385DE4E91CA}.Debug|Any CPU.ActiveCfg = Debug|Any CPU
		{7719F088-61B9-458D-AEE5-6385DE4E91CA}.Debug|Any CPU.Build.0 = Debug|Any CPU
		{7719F088-61B9-458D-AEE5-6385DE4E91CA}.Release|Any CPU.ActiveCfg = Release|Any CPU
		{7719F088-61B9-458D-AEE5-6385DE4E91CA}.Release|Any CPU.Build.0 = Release|Any CPU
		{CBA2FC86-E052-4C1B-A8DD-BB8C07962178}.Debug|Any CPU.ActiveCfg = Debug|Any CPU
		{CBA2FC86-E052-4C1B-A8DD-BB8C07962178}.Debug|Any CPU.Build.0 = Debug|Any CPU
		{CBA2FC86-E052-4C1B-A8DD-BB8C07962178}.Release|Any CPU.ActiveCfg = Release|Any CPU
		{CBA2FC86-E052-4C1B-A8DD-BB8C07962178}.Release|Any CPU.Build.0 = Release|Any CPU
		{5248046F-8009-4A04-8FFC-B848E704A3A3}.Debug|Any CPU.ActiveCfg = Debug|Any CPU
		{5248046F-8009-4A04-8FFC-B848E704A3A3}.Debug|Any CPU.Build.0 = Debug|Any CPU
		{5248046F-8009-4A04-8FFC-B848E704A3A3}.Release|Any CPU.ActiveCfg = Release|Any CPU
		{5248046F-8009-4A04-8FFC-B848E704A3A3}.Release|Any CPU.Build.0 = Release|Any CPU
		{F9E0C737-EC44-48D8-B656-EBCC8F09C033}.Debug|Any CPU.ActiveCfg = Debug|Any CPU
		{F9E0C737-EC44-48D8-B656-EBCC8F09C033}.Debug|Any CPU.Build.0 = Debug|Any CPU
		{F9E0C737-EC44-48D8-B656-EBCC8F09C033}.Release|Any CPU.ActiveCfg = Release|Any CPU
		{F9E0C737-EC44-48D8-B656-EBCC8F09C033}.Release|Any CPU.Build.0 = Release|Any CPU
		{DFA538A6-9D01-417F-A0B3-D91102B9FA22}.Debug|Any CPU.ActiveCfg = Debug|Any CPU
		{DFA538A6-9D01-417F-A0B3-D91102B9FA22}.Debug|Any CPU.Build.0 = Debug|Any CPU
		{DFA538A6-9D01-417F-A0B3-D91102B9FA22}.Release|Any CPU.ActiveCfg = Release|Any CPU
		{DFA538A6-9D01-417F-A0B3-D91102B9FA22}.Release|Any CPU.Build.0 = Release|Any CPU
		{6595832E-26F8-4463-A738-1874F4F2DAD9}.Debug|Any CPU.ActiveCfg = Debug|Any CPU
		{6595832E-26F8-4463-A738-1874F4F2DAD9}.Debug|Any CPU.Build.0 = Debug|Any CPU
		{6595832E-26F8-4463-A738-1874F4F2DAD9}.Release|Any CPU.ActiveCfg = Release|Any CPU
		{6595832E-26F8-4463-A738-1874F4F2DAD9}.Release|Any CPU.Build.0 = Release|Any CPU
		{41309612-F5A4-41CF-9391-008EFAD96E80}.Debug|Any CPU.ActiveCfg = Debug|Any CPU
		{41309612-F5A4-41CF-9391-008EFAD96E80}.Debug|Any CPU.Build.0 = Debug|Any CPU
		{41309612-F5A4-41CF-9391-008EFAD96E80}.Release|Any CPU.ActiveCfg = Release|Any CPU
		{41309612-F5A4-41CF-9391-008EFAD96E80}.Release|Any CPU.Build.0 = Release|Any CPU
		{00BF2F24-0FB3-420B-BE1C-830919F6EA3E}.Debug|Any CPU.ActiveCfg = Debug|Any CPU
		{00BF2F24-0FB3-420B-BE1C-830919F6EA3E}.Debug|Any CPU.Build.0 = Debug|Any CPU
		{00BF2F24-0FB3-420B-BE1C-830919F6EA3E}.Release|Any CPU.ActiveCfg = Release|Any CPU
		{00BF2F24-0FB3-420B-BE1C-830919F6EA3E}.Release|Any CPU.Build.0 = Release|Any CPU
		{B997F51F-1CDC-48FC-BC1C-C9B1706BD441}.Debug|Any CPU.ActiveCfg = Debug|Any CPU
		{B997F51F-1CDC-48FC-BC1C-C9B1706BD441}.Debug|Any CPU.Build.0 = Debug|Any CPU
		{B997F51F-1CDC-48FC-BC1C-C9B1706BD441}.Release|Any CPU.ActiveCfg = Release|Any CPU
		{B997F51F-1CDC-48FC-BC1C-C9B1706BD441}.Release|Any CPU.Build.0 = Release|Any CPU
		{33865BC0-9548-42B5-86E1-D3FD9B25C700}.Debug|Any CPU.ActiveCfg = Debug|Any CPU
		{33865BC0-9548-42B5-86E1-D3FD9B25C700}.Debug|Any CPU.Build.0 = Debug|Any CPU
		{33865BC0-9548-42B5-86E1-D3FD9B25C700}.Release|Any CPU.ActiveCfg = Release|Any CPU
		{33865BC0-9548-42B5-86E1-D3FD9B25C700}.Release|Any CPU.Build.0 = Release|Any CPU
		{E21E9360-94E9-4DBF-8345-3C09D2D459B7}.Debug|Any CPU.ActiveCfg = Debug|Any CPU
		{E21E9360-94E9-4DBF-8345-3C09D2D459B7}.Debug|Any CPU.Build.0 = Debug|Any CPU
		{E21E9360-94E9-4DBF-8345-3C09D2D459B7}.Release|Any CPU.ActiveCfg = Release|Any CPU
		{E21E9360-94E9-4DBF-8345-3C09D2D459B7}.Release|Any CPU.Build.0 = Release|Any CPU
		{9B6DA00D-547C-48FE-812E-810668E8E2C3}.Debug|Any CPU.ActiveCfg = Debug|Any CPU
		{9B6DA00D-547C-48FE-812E-810668E8E2C3}.Debug|Any CPU.Build.0 = Debug|Any CPU
		{9B6DA00D-547C-48FE-812E-810668E8E2C3}.Release|Any CPU.ActiveCfg = Release|Any CPU
		{9B6DA00D-547C-48FE-812E-810668E8E2C3}.Release|Any CPU.Build.0 = Release|Any CPU
		{DE87F2BA-8739-4C5A-AB0F-518C6A38FBAF}.Debug|Any CPU.ActiveCfg = Debug|Any CPU
		{DE87F2BA-8739-4C5A-AB0F-518C6A38FBAF}.Debug|Any CPU.Build.0 = Debug|Any CPU
		{DE87F2BA-8739-4C5A-AB0F-518C6A38FBAF}.Release|Any CPU.ActiveCfg = Release|Any CPU
		{DE87F2BA-8739-4C5A-AB0F-518C6A38FBAF}.Release|Any CPU.Build.0 = Release|Any CPU
		{0B507BA3-7D65-4252-9DB4-D097F231B8BC}.Debug|Any CPU.ActiveCfg = Debug|Any CPU
		{0B507BA3-7D65-4252-9DB4-D097F231B8BC}.Debug|Any CPU.Build.0 = Debug|Any CPU
		{0B507BA3-7D65-4252-9DB4-D097F231B8BC}.Release|Any CPU.ActiveCfg = Release|Any CPU
		{0B507BA3-7D65-4252-9DB4-D097F231B8BC}.Release|Any CPU.Build.0 = Release|Any CPU
		{5796C514-9137-4BBE-A5A2-837E4BD34243}.Debug|Any CPU.ActiveCfg = Debug|Any CPU
		{5796C514-9137-4BBE-A5A2-837E4BD34243}.Debug|Any CPU.Build.0 = Debug|Any CPU
		{5796C514-9137-4BBE-A5A2-837E4BD34243}.Release|Any CPU.ActiveCfg = Release|Any CPU
		{5796C514-9137-4BBE-A5A2-837E4BD34243}.Release|Any CPU.Build.0 = Release|Any CPU
		{483DC06D-40C7-4588-A70E-25A7FBF2CC91}.Debug|Any CPU.ActiveCfg = Debug|Any CPU
		{483DC06D-40C7-4588-A70E-25A7FBF2CC91}.Debug|Any CPU.Build.0 = Debug|Any CPU
		{483DC06D-40C7-4588-A70E-25A7FBF2CC91}.Release|Any CPU.ActiveCfg = Release|Any CPU
		{483DC06D-40C7-4588-A70E-25A7FBF2CC91}.Release|Any CPU.Build.0 = Release|Any CPU
	EndGlobalSection
	GlobalSection(SolutionProperties) = preSolution
		HideSolutionNode = FALSE
	EndGlobalSection
	GlobalSection(NestedProjects) = preSolution
		{6F9747AA-DE8B-43B4-B77F-4DDD959BB94C} = {894B36CF-9551-4913-9460-995F2A5F1859}
		{B54B3001-6A89-43FD-9146-70D3EFFE0F5A} = {6F9747AA-DE8B-43B4-B77F-4DDD959BB94C}
		{CFEAB403-3E1E-4CBE-B13D-5554029E6C18} = {6F9747AA-DE8B-43B4-B77F-4DDD959BB94C}
		{D18A700C-909A-4E13-B611-E952F4806F51} = {6F9747AA-DE8B-43B4-B77F-4DDD959BB94C}
		{68575B3B-E68D-40AB-850F-52694C83BDD9} = {6F9747AA-DE8B-43B4-B77F-4DDD959BB94C}
		{1F4B6550-CA50-47EF-9F28-E9E48680E85E} = {C4AAF10B-178C-42F1-B081-22E8D5324355}
		{7719F088-61B9-458D-AEE5-6385DE4E91CA} = {C4AAF10B-178C-42F1-B081-22E8D5324355}
		{CBA2FC86-E052-4C1B-A8DD-BB8C07962178} = {C4AAF10B-178C-42F1-B081-22E8D5324355}
		{5248046F-8009-4A04-8FFC-B848E704A3A3} = {6F9747AA-DE8B-43B4-B77F-4DDD959BB94C}
		{F9E0C737-EC44-48D8-B656-EBCC8F09C033} = {C4AAF10B-178C-42F1-B081-22E8D5324355}
		{DFA538A6-9D01-417F-A0B3-D91102B9FA22} = {C4AAF10B-178C-42F1-B081-22E8D5324355}
		{6595832E-26F8-4463-A738-1874F4F2DAD9} = {C4AAF10B-178C-42F1-B081-22E8D5324355}
		{41309612-F5A4-41CF-9391-008EFAD96E80} = {22B97405-2671-42B1-BE08-E1D0E18A2F1F}
		{00BF2F24-0FB3-420B-BE1C-830919F6EA3E} = {22B97405-2671-42B1-BE08-E1D0E18A2F1F}
		{B997F51F-1CDC-48FC-BC1C-C9B1706BD441} = {C4AAF10B-178C-42F1-B081-22E8D5324355}
		{33865BC0-9548-42B5-86E1-D3FD9B25C700} = {22B97405-2671-42B1-BE08-E1D0E18A2F1F}
		{0AC295FA-EAA0-473D-8A38-0C5CAB7612E4} = {894B36CF-9551-4913-9460-995F2A5F1859}
		{E21E9360-94E9-4DBF-8345-3C09D2D459B7} = {0AC295FA-EAA0-473D-8A38-0C5CAB7612E4}
		{9B6DA00D-547C-48FE-812E-810668E8E2C3} = {C4AAF10B-178C-42F1-B081-22E8D5324355}
		{DE87F2BA-8739-4C5A-AB0F-518C6A38FBAF} = {C4AAF10B-178C-42F1-B081-22E8D5324355}
		{0B507BA3-7D65-4252-9DB4-D097F231B8BC} = {22B97405-2671-42B1-BE08-E1D0E18A2F1F}
		{5796C514-9137-4BBE-A5A2-837E4BD34243} = {22B97405-2671-42B1-BE08-E1D0E18A2F1F}
		{483DC06D-40C7-4588-A70E-25A7FBF2CC91} = {22B97405-2671-42B1-BE08-E1D0E18A2F1F}
	EndGlobalSection
	GlobalSection(ExtensibilityGlobals) = postSolution
		SolutionGuid = {F16CD335-B2DF-4C77-9801-5DB5B9AAFADA}
	EndGlobalSection
EndGlobal
